Microsoft Visual Studio Solution File, Format Version 12.00
# Visual Studio 15
VisualStudioVersion = 15.0.27130.2036
MinimumVisualStudioVersion = 15.0.26124.0
Project("{2150E333-8FDC-42A3-9474-1A3956D46DE8}") = "src", "src", "{F9766DE9-D2CC-44D0-86A4-BFED515273D8}"
EndProject
Project("{9A19103F-16F7-4668-BE54-9A1E7A4F7556}") = "RoboWars", "src\RoboWars\RoboWars.csproj", "{727F2A50-D3FE-4EB3-8970-5FFD2DEBB9EA}"
EndProject
Project("{9A19103F-16F7-4668-BE54-9A1E7A4F7556}") = "RoboWars.Game", "src\RoboWars.Game\RoboWars.Game.csproj", "{183C25D2-2E65-4763-92C8-D32619E37593}"
EndProject
Project("{2150E333-8FDC-42A3-9474-1A3956D46DE8}") = "test", "test", "{BACB618E-E100-4667-870F-2BE34CA6A3D7}"
EndProject
Project("{9A19103F-16F7-4668-BE54-9A1E7A4F7556}") = "RoboWars.Game.Tests", "test\RoboWars.Game.Tests\RoboWars.Game.Tests.csproj", "{6B59554E-7BCE-4B49-B3E4-AAF54C5DE3BE}"
EndProject
Global
	GlobalSection(SolutionConfigurationPlatforms) = preSolution
		Debug|Any CPU = Debug|Any CPU
		Debug|x64 = Debug|x64
		Debug|x86 = Debug|x86
		Release|Any CPU = Release|Any CPU
		Release|x64 = Release|x64
		Release|x86 = Release|x86
	EndGlobalSection
	GlobalSection(ProjectConfigurationPlatforms) = postSolution
		{727F2A50-D3FE-4EB3-8970-5FFD2DEBB9EA}.Debug|Any CPU.ActiveCfg = Debug|Any CPU
		{727F2A50-D3FE-4EB3-8970-5FFD2DEBB9EA}.Debug|Any CPU.Build.0 = Debug|Any CPU
		{727F2A50-D3FE-4EB3-8970-5FFD2DEBB9EA}.Debug|x64.ActiveCfg = Debug|Any CPU
		{727F2A50-D3FE-4EB3-8970-5FFD2DEBB9EA}.Debug|x64.Build.0 = Debug|Any CPU
		{727F2A50-D3FE-4EB3-8970-5FFD2DEBB9EA}.Debug|x86.ActiveCfg = Debug|Any CPU
		{727F2A50-D3FE-4EB3-8970-5FFD2DEBB9EA}.Debug|x86.Build.0 = Debug|Any CPU
		{727F2A50-D3FE-4EB3-8970-5FFD2DEBB9EA}.Release|Any CPU.ActiveCfg = Release|Any CPU
		{727F2A50-D3FE-4EB3-8970-5FFD2DEBB9EA}.Release|Any CPU.Build.0 = Release|Any CPU
		{727F2A50-D3FE-4EB3-8970-5FFD2DEBB9EA}.Release|x64.ActiveCfg = Release|Any CPU
		{727F2A50-D3FE-4EB3-8970-5FFD2DEBB9EA}.Release|x64.Build.0 = Release|Any CPU
		{727F2A50-D3FE-4EB3-8970-5FFD2DEBB9EA}.Release|x86.ActiveCfg = Release|Any CPU
		{727F2A50-D3FE-4EB3-8970-5FFD2DEBB9EA}.Release|x86.Build.0 = Release|Any CPU
		{183C25D2-2E65-4763-92C8-D32619E37593}.Debug|Any CPU.ActiveCfg = Debug|Any CPU
		{183C25D2-2E65-4763-92C8-D32619E37593}.Debug|Any CPU.Build.0 = Debug|Any CPU
		{183C25D2-2E65-4763-92C8-D32619E37593}.Debug|x64.ActiveCfg = Debug|Any CPU
		{183C25D2-2E65-4763-92C8-D32619E37593}.Debug|x64.Build.0 = Debug|Any CPU
		{183C25D2-2E65-4763-92C8-D32619E37593}.Debug|x86.ActiveCfg = Debug|Any CPU
		{183C25D2-2E65-4763-92C8-D32619E37593}.Debug|x86.Build.0 = Debug|Any CPU
		{183C25D2-2E65-4763-92C8-D32619E37593}.Release|Any CPU.ActiveCfg = Release|Any CPU
		{183C25D2-2E65-4763-92C8-D32619E37593}.Release|Any CPU.Build.0 = Release|Any CPU
		{183C25D2-2E65-4763-92C8-D32619E37593}.Release|x64.ActiveCfg = Release|Any CPU
		{183C25D2-2E65-4763-92C8-D32619E37593}.Release|x64.Build.0 = Release|Any CPU
		{183C25D2-2E65-4763-92C8-D32619E37593}.Release|x86.ActiveCfg = Release|Any CPU
		{183C25D2-2E65-4763-92C8-D32619E37593}.Release|x86.Build.0 = Release|Any CPU
		{6B59554E-7BCE-4B49-B3E4-AAF54C5DE3BE}.Debug|Any CPU.ActiveCfg = Debug|Any CPU
		{6B59554E-7BCE-4B49-B3E4-AAF54C5DE3BE}.Debug|Any CPU.Build.0 = Debug|Any CPU
		{6B59554E-7BCE-4B49-B3E4-AAF54C5DE3BE}.Debug|x64.ActiveCfg = Debug|Any CPU
		{6B59554E-7BCE-4B49-B3E4-AAF54C5DE3BE}.Debug|x64.Build.0 = Debug|Any CPU
		{6B59554E-7BCE-4B49-B3E4-AAF54C5DE3BE}.Debug|x86.ActiveCfg = Debug|Any CPU
		{6B59554E-7BCE-4B49-B3E4-AAF54C5DE3BE}.Debug|x86.Build.0 = Debug|Any CPU
		{6B59554E-7BCE-4B49-B3E4-AAF54C5DE3BE}.Release|Any CPU.ActiveCfg = Release|Any CPU
		{6B59554E-7BCE-4B49-B3E4-AAF54C5DE3BE}.Release|Any CPU.Build.0 = Release|Any CPU
		{6B59554E-7BCE-4B49-B3E4-AAF54C5DE3BE}.Release|x64.ActiveCfg = Release|Any CPU
		{6B59554E-7BCE-4B49-B3E4-AAF54C5DE3BE}.Release|x64.Build.0 = Release|Any CPU
		{6B59554E-7BCE-4B49-B3E4-AAF54C5DE3BE}.Release|x86.ActiveCfg = Release|Any CPU
		{6B59554E-7BCE-4B49-B3E4-AAF54C5DE3BE}.Release|x86.Build.0 = Release|Any CPU
	EndGlobalSection
	GlobalSection(SolutionProperties) = preSolution
		HideSolutionNode = FALSE
	EndGlobalSection
	GlobalSection(NestedProjects) = preSolution
		{727F2A50-D3FE-4EB3-8970-5FFD2DEBB9EA} = {F9766DE9-D2CC-44D0-86A4-BFED515273D8}
		{183C25D2-2E65-4763-92C8-D32619E37593} = {F9766DE9-D2CC-44D0-86A4-BFED515273D8}
		{6B59554E-7BCE-4B49-B3E4-AAF54C5DE3BE} = {BACB618E-E100-4667-870F-2BE34CA6A3D7}
	EndGlobalSection
	GlobalSection(ExtensibilityGlobals) = postSolution
		SolutionGuid = {7581F9AE-47B8-44BC-A44A-9A3E47598850}
	EndGlobalSection
EndGlobal
